
Microsoft Visual Studio Solution File, Format Version 12.00
# Visual Studio Version 17
VisualStudioVersion = 17.8.34330.188
MinimumVisualStudioVersion = 10.0.40219.1
Project("{FAE04EC0-301F-11D3-BF4B-00C04F79EFBC}") = "moviesLibrary", "moviesLibrary\moviesLibrary.csproj", "{B3F8FC6F-50A8-4CDF-A663-16D431A057B9}"
EndProject
Global
	GlobalSection(SolutionConfigurationPlatforms) = preSolution
		Debug|Any CPU = Debug|Any CPU
		Release|Any CPU = Release|Any CPU
	EndGlobalSection
	GlobalSection(ProjectConfigurationPlatforms) = postSolution
		{B3F8FC6F-50A8-4CDF-A663-16D431A057B9}.Debug|Any CPU.ActiveCfg = Debug|Any CPU
		{B3F8FC6F-50A8-4CDF-A663-16D431A057B9}.Debug|Any CPU.Build.0 = Debug|Any CPU
		{B3F8FC6F-50A8-4CDF-A663-16D431A057B9}.Release|Any CPU.ActiveCfg = Release|Any CPU
		{B3F8FC6F-50A8-4CDF-A663-16D431A057B9}.Release|Any CPU.Build.0 = Release|Any CPU
	EndGlobalSection
	GlobalSection(SolutionProperties) = preSolution
		HideSolutionNode = FALSE
	EndGlobalSection
	GlobalSection(ExtensibilityGlobals) = postSolution
		SolutionGuid = {28AB6C84-9463-4878-ADA1-1024C2A432BD}
	EndGlobalSection
EndGlobal
